
Microsoft Visual Studio Solution File, Format Version 12.00
# Visual Studio Version 17
VisualStudioVersion = 17.2.32602.215
MinimumVisualStudioVersion = 10.0.40219.1
Project("{FAE04EC0-301F-11D3-BF4B-00C04F79EFBC}") = "ConsoleApp", "ConsoleApp\ConsoleApp.csproj", "{D0836625-FD9E-416A-89C4-658E3255B44B}"
	ProjectSection(ProjectDependencies) = postProject
		{098108AE-5669-438D-8CCF-941F889B5735} = {098108AE-5669-438D-8CCF-941F889B5735}
	EndProjectSection
EndProject
Project("{2150E333-8FDC-42A3-9474-1A3956D46DE8}") = "Solution Items", "Solution Items", "{A1AF3B0B-CF06-41AC-8069-C2C2347AA4D4}"
	ProjectSection(SolutionItems) = preProject
		README.md = README.md
	EndProjectSection
EndProject
Project("{FAE04EC0-301F-11D3-BF4B-00C04F79EFBC}") = "Application", "Application\Application.csproj", "{050B5128-7A74-4B0C-A677-B7E338161A22}"
	ProjectSection(ProjectDependencies) = postProject
		{098108AE-5669-438D-8CCF-941F889B5735} = {098108AE-5669-438D-8CCF-941F889B5735}
	EndProjectSection
EndProject
Project("{FAE04EC0-301F-11D3-BF4B-00C04F79EFBC}") = "Infrastructure", "Infrastructure\Infrastructure.csproj", "{DCE04F15-3441-49E7-A4C5-834C16E714BC}"
	ProjectSection(ProjectDependencies) = postProject
		{098108AE-5669-438D-8CCF-941F889B5735} = {098108AE-5669-438D-8CCF-941F889B5735}
	EndProjectSection
EndProject
Project("{FAE04EC0-301F-11D3-BF4B-00C04F79EFBC}") = "Domain", "Domain\Domain.csproj", "{7AB53156-3545-4199-A23B-76A6A5F0759F}"
	ProjectSection(ProjectDependencies) = postProject
		{098108AE-5669-438D-8CCF-941F889B5735} = {098108AE-5669-438D-8CCF-941F889B5735}
	EndProjectSection
EndProject
Project("{FAE04EC0-301F-11D3-BF4B-00C04F79EFBC}") = "CrossCutting", "CrossCutting\CrossCutting.csproj", "{098108AE-5669-438D-8CCF-941F889B5735}"
EndProject
Global
	GlobalSection(SolutionConfigurationPlatforms) = preSolution
		Debug|Any CPU = Debug|Any CPU
		Release|Any CPU = Release|Any CPU
	EndGlobalSection
	GlobalSection(ProjectConfigurationPlatforms) = postSolution
		{D0836625-FD9E-416A-89C4-658E3255B44B}.Debug|Any CPU.ActiveCfg = Debug|Any CPU
		{D0836625-FD9E-416A-89C4-658E3255B44B}.Debug|Any CPU.Build.0 = Debug|Any CPU
		{D0836625-FD9E-416A-89C4-658E3255B44B}.Release|Any CPU.ActiveCfg = Release|Any CPU
		{D0836625-FD9E-416A-89C4-658E3255B44B}.Release|Any CPU.Build.0 = Release|Any CPU
		{050B5128-7A74-4B0C-A677-B7E338161A22}.Debug|Any CPU.ActiveCfg = Debug|Any CPU
		{050B5128-7A74-4B0C-A677-B7E338161A22}.Debug|Any CPU.Build.0 = Debug|Any CPU
		{050B5128-7A74-4B0C-A677-B7E338161A22}.Release|Any CPU.ActiveCfg = Release|Any CPU
		{050B5128-7A74-4B0C-A677-B7E338161A22}.Release|Any CPU.Build.0 = Release|Any CPU
		{DCE04F15-3441-49E7-A4C5-834C16E714BC}.Debug|Any CPU.ActiveCfg = Debug|Any CPU
		{DCE04F15-3441-49E7-A4C5-834C16E714BC}.Debug|Any CPU.Build.0 = Debug|Any CPU
		{DCE04F15-3441-49E7-A4C5-834C16E714BC}.Release|Any CPU.ActiveCfg = Release|Any CPU
		{DCE04F15-3441-49E7-A4C5-834C16E714BC}.Release|Any CPU.Build.0 = Release|Any CPU
		{7AB53156-3545-4199-A23B-76A6A5F0759F}.Debug|Any CPU.ActiveCfg = Debug|Any CPU
		{7AB53156-3545-4199-A23B-76A6A5F0759F}.Debug|Any CPU.Build.0 = Debug|Any CPU
		{7AB53156-3545-4199-A23B-76A6A5F0759F}.Release|Any CPU.ActiveCfg = Release|Any CPU
		{7AB53156-3545-4199-A23B-76A6A5F0759F}.Release|Any CPU.Build.0 = Release|Any CPU
		{098108AE-5669-438D-8CCF-941F889B5735}.Debug|Any CPU.ActiveCfg = Debug|Any CPU
		{098108AE-5669-438D-8CCF-941F889B5735}.Debug|Any CPU.Build.0 = Debug|Any CPU
		{098108AE-5669-438D-8CCF-941F889B5735}.Release|Any CPU.ActiveCfg = Release|Any CPU
		{098108AE-5669-438D-8CCF-941F889B5735}.Release|Any CPU.Build.0 = Release|Any CPU
	EndGlobalSection
	GlobalSection(SolutionProperties) = preSolution
		HideSolutionNode = FALSE
	EndGlobalSection
	GlobalSection(ExtensibilityGlobals) = postSolution
		SolutionGuid = {B5189C5D-DD3B-4007-AF26-E67C3DCF2719}
	EndGlobalSection
EndGlobal
